
Microsoft Visual Studio Solution File, Format Version 12.00
# Visual Studio 15
VisualStudioVersion = 15.0.26228.9
MinimumVisualStudioVersion = 10.0.40219.1
Project("{FAE04EC0-301F-11D3-BF4B-00C04F79EFBC}") = "PROACTIS.ExampleApplications.ExternalLogin", "P2P\SSO\PROACTIS.ExampleApplications.ExternalLogin\PROACTIS.ExampleApplications.ExternalLogin.csproj", "{331981D6-8534-4A16-A959-B7E2617D400F}"
EndProject
Project("{2150E333-8FDC-42A3-9474-1A3956D46DE8}") = "P2P", "P2P", "{7B722198-2B4C-4624-A038-A66FEF640047}"
EndProject
Project("{2150E333-8FDC-42A3-9474-1A3956D46DE8}") = "SSO", "SSO", "{08D5589E-38BF-429B-8479-28450B2FCBD0}"
EndProject
Project("{2150E333-8FDC-42A3-9474-1A3956D46DE8}") = "Punchout", "Punchout", "{1AA3CB53-7044-4C9B-B6A5-8E8B911B4F1D}"
EndProject
Project("{2150E333-8FDC-42A3-9474-1A3956D46DE8}") = "Connections", "Connections", "{376D26E7-F96C-4546-9835-351FA28EBF26}"
	ProjectSection(SolutionItems) = preProject
		P2P\Punchout\Connections\CXMLConnect.xslt = P2P\Punchout\Connections\CXMLConnect.xslt
	EndProjectSection
EndProject
Project("{2150E333-8FDC-42A3-9474-1A3956D46DE8}") = "BasketResponse", "BasketResponse", "{60B2EE46-7F5B-43A2-8475-E93F1DAE491C}"
	ProjectSection(SolutionItems) = preProject
		P2P\Punchout\BasketResponses\CXMLReturn.xslt = P2P\Punchout\BasketResponses\CXMLReturn.xslt
		P2P\Punchout\BasketResponses\OCIReturn.xslt = P2P\Punchout\BasketResponses\OCIReturn.xslt
	EndProjectSection
EndProject
Project("{2150E333-8FDC-42A3-9474-1A3956D46DE8}") = "Bespoke", "Bespoke", "{18F5120B-1536-4077-BB6B-777FEEB4F352}"
	ProjectSection(SolutionItems) = preProject
		P2P\SSO\Bespoke\CustomLogin.aspx = P2P\SSO\Bespoke\CustomLogin.aspx
		P2P\SSO\Bespoke\DoCustomLogin.aspx = P2P\SSO\Bespoke\DoCustomLogin.aspx
	EndProjectSection
EndProject
Project("{2150E333-8FDC-42A3-9474-1A3956D46DE8}") = "Nominal Validation", "Nominal Validation", "{DF933C4A-E54E-45A7-A7DF-A3A6A2D27E3A}"
EndProject
Project("{FAE04EC0-301F-11D3-BF4B-00C04F79EFBC}") = "PROACTIS.ExampleApplications.ExampleNominalValidation", "P2P\Nominal Validation\PROACTIS.ExampleApplications.ExampleNominalCheck\PROACTIS.ExampleApplications.ExampleNominalValidation.csproj", "{AEFC7117-DCE2-4177-9B37-6995C92C47E8}"
EndProject
Global
	GlobalSection(SolutionConfigurationPlatforms) = preSolution
		Debug|Any CPU = Debug|Any CPU
		Release|Any CPU = Release|Any CPU
	EndGlobalSection
	GlobalSection(ProjectConfigurationPlatforms) = postSolution
		{331981D6-8534-4A16-A959-B7E2617D400F}.Debug|Any CPU.ActiveCfg = Debug|Any CPU
		{331981D6-8534-4A16-A959-B7E2617D400F}.Debug|Any CPU.Build.0 = Debug|Any CPU
		{331981D6-8534-4A16-A959-B7E2617D400F}.Release|Any CPU.ActiveCfg = Release|Any CPU
		{331981D6-8534-4A16-A959-B7E2617D400F}.Release|Any CPU.Build.0 = Release|Any CPU
		{AEFC7117-DCE2-4177-9B37-6995C92C47E8}.Debug|Any CPU.ActiveCfg = Debug|Any CPU
		{AEFC7117-DCE2-4177-9B37-6995C92C47E8}.Debug|Any CPU.Build.0 = Debug|Any CPU
		{AEFC7117-DCE2-4177-9B37-6995C92C47E8}.Release|Any CPU.ActiveCfg = Release|Any CPU
		{AEFC7117-DCE2-4177-9B37-6995C92C47E8}.Release|Any CPU.Build.0 = Release|Any CPU
	EndGlobalSection
	GlobalSection(SolutionProperties) = preSolution
		HideSolutionNode = FALSE
	EndGlobalSection
	GlobalSection(NestedProjects) = preSolution
		{331981D6-8534-4A16-A959-B7E2617D400F} = {08D5589E-38BF-429B-8479-28450B2FCBD0}
		{08D5589E-38BF-429B-8479-28450B2FCBD0} = {7B722198-2B4C-4624-A038-A66FEF640047}
		{1AA3CB53-7044-4C9B-B6A5-8E8B911B4F1D} = {7B722198-2B4C-4624-A038-A66FEF640047}
		{376D26E7-F96C-4546-9835-351FA28EBF26} = {1AA3CB53-7044-4C9B-B6A5-8E8B911B4F1D}
		{60B2EE46-7F5B-43A2-8475-E93F1DAE491C} = {1AA3CB53-7044-4C9B-B6A5-8E8B911B4F1D}
		{18F5120B-1536-4077-BB6B-777FEEB4F352} = {08D5589E-38BF-429B-8479-28450B2FCBD0}
		{DF933C4A-E54E-45A7-A7DF-A3A6A2D27E3A} = {7B722198-2B4C-4624-A038-A66FEF640047}
		{AEFC7117-DCE2-4177-9B37-6995C92C47E8} = {DF933C4A-E54E-45A7-A7DF-A3A6A2D27E3A}
	EndGlobalSection
EndGlobal
